
Microsoft Visual Studio Solution File, Format Version 12.00
Project("{FAE04EC0-301F-11D3-BF4B-00C04F79EFBC}") = "DoctorsAPI", "DoctorsAPI\DoctorsAPI.csproj", "{56ED9A2C-CE52-49C3-B049-0CCD06B795CA}"
EndProject
Global
	GlobalSection(SolutionConfigurationPlatforms) = preSolution
		Debug|Any CPU = Debug|Any CPU
		Release|Any CPU = Release|Any CPU
	EndGlobalSection
	GlobalSection(ProjectConfigurationPlatforms) = postSolution
		{56ED9A2C-CE52-49C3-B049-0CCD06B795CA}.Debug|Any CPU.ActiveCfg = Debug|Any CPU
		{56ED9A2C-CE52-49C3-B049-0CCD06B795CA}.Debug|Any CPU.Build.0 = Debug|Any CPU
		{56ED9A2C-CE52-49C3-B049-0CCD06B795CA}.Release|Any CPU.ActiveCfg = Release|Any CPU
		{56ED9A2C-CE52-49C3-B049-0CCD06B795CA}.Release|Any CPU.Build.0 = Release|Any CPU
	EndGlobalSection
EndGlobal
