
Microsoft Visual Studio Solution File, Format Version 12.00
# Visual Studio Version 16
VisualStudioVersion = 25.0.1704.2
MinimumVisualStudioVersion = 10.0.40219.1
Project("{FAE04EC0-301F-11D3-BF4B-00C04F79EFBC}") = "Crawler", "Crawler.csproj", "{C5D407B7-F2AA-45CA-B0C3-91E08EA49CDE}"
EndProject
Global
	GlobalSection(SolutionConfigurationPlatforms) = preSolution
		Debug|Any CPU = Debug|Any CPU
		Release|Any CPU = Release|Any CPU
	EndGlobalSection
	GlobalSection(ProjectConfigurationPlatforms) = postSolution
		{C5D407B7-F2AA-45CA-B0C3-91E08EA49CDE}.Debug|Any CPU.ActiveCfg = Debug|Any CPU
		{C5D407B7-F2AA-45CA-B0C3-91E08EA49CDE}.Debug|Any CPU.Build.0 = Debug|Any CPU
		{C5D407B7-F2AA-45CA-B0C3-91E08EA49CDE}.Release|Any CPU.ActiveCfg = Release|Any CPU
		{C5D407B7-F2AA-45CA-B0C3-91E08EA49CDE}.Release|Any CPU.Build.0 = Release|Any CPU
	EndGlobalSection
	GlobalSection(SolutionProperties) = preSolution
		HideSolutionNode = FALSE
	EndGlobalSection
	GlobalSection(ExtensibilityGlobals) = postSolution
		SolutionGuid = {32E13F9B-9C4D-4337-A9C4-431350B4DBEB}
	EndGlobalSection
EndGlobal
