
Microsoft Visual Studio Solution File, Format Version 12.00
Project("{FAE04EC0-301F-11D3-BF4B-00C04F79EFBC}") = "UniversityAPI", "UniversityAPI\UniversityAPI.csproj", "{F5CD34A7-A574-4433-96D0-DA4B52F90997}"
EndProject
Global
	GlobalSection(SolutionConfigurationPlatforms) = preSolution
		Debug|Any CPU = Debug|Any CPU
		Release|Any CPU = Release|Any CPU
	EndGlobalSection
	GlobalSection(ProjectConfigurationPlatforms) = postSolution
		{F5CD34A7-A574-4433-96D0-DA4B52F90997}.Debug|Any CPU.ActiveCfg = Debug|Any CPU
		{F5CD34A7-A574-4433-96D0-DA4B52F90997}.Debug|Any CPU.Build.0 = Debug|Any CPU
		{F5CD34A7-A574-4433-96D0-DA4B52F90997}.Release|Any CPU.ActiveCfg = Release|Any CPU
		{F5CD34A7-A574-4433-96D0-DA4B52F90997}.Release|Any CPU.Build.0 = Release|Any CPU
	EndGlobalSection
EndGlobal
